
Microsoft Visual Studio Solution File, Format Version 12.00
# Visual Studio Version 16
VisualStudioVersion = 16.0.32602.291
MinimumVisualStudioVersion = 10.0.40219.1
Project("{FAE04EC0-301F-11D3-BF4B-00C04F79EFBC}") = "Практическая работа №2", "Практическая работа №2\Практическая работа №2.csproj", "{908F97A4-CA4B-4A55-9DD9-EAA0EE215710}"
EndProject
Project("{FAE04EC0-301F-11D3-BF4B-00C04F79EFBC}") = "Lib_2", "Lib_2\Lib_2.csproj", "{8625EB2F-3760-461D-BFDB-3448E43C8147}"
EndProject
Project("{FAE04EC0-301F-11D3-BF4B-00C04F79EFBC}") = "LibMas", "LibMas\LibMas.csproj", "{945F5149-2565-4247-B6E0-7E98D356B747}"
EndProject
Global
	GlobalSection(SolutionConfigurationPlatforms) = preSolution
		Debug|Any CPU = Debug|Any CPU
		Release|Any CPU = Release|Any CPU
	EndGlobalSection
	GlobalSection(ProjectConfigurationPlatforms) = postSolution
		{908F97A4-CA4B-4A55-9DD9-EAA0EE215710}.Debug|Any CPU.ActiveCfg = Debug|Any CPU
		{908F97A4-CA4B-4A55-9DD9-EAA0EE215710}.Debug|Any CPU.Build.0 = Debug|Any CPU
		{908F97A4-CA4B-4A55-9DD9-EAA0EE215710}.Release|Any CPU.ActiveCfg = Release|Any CPU
		{908F97A4-CA4B-4A55-9DD9-EAA0EE215710}.Release|Any CPU.Build.0 = Release|Any CPU
		{8625EB2F-3760-461D-BFDB-3448E43C8147}.Debug|Any CPU.ActiveCfg = Debug|Any CPU
		{8625EB2F-3760-461D-BFDB-3448E43C8147}.Debug|Any CPU.Build.0 = Debug|Any CPU
		{8625EB2F-3760-461D-BFDB-3448E43C8147}.Release|Any CPU.ActiveCfg = Release|Any CPU
		{8625EB2F-3760-461D-BFDB-3448E43C8147}.Release|Any CPU.Build.0 = Release|Any CPU
		{945F5149-2565-4247-B6E0-7E98D356B747}.Debug|Any CPU.ActiveCfg = Debug|Any CPU
		{945F5149-2565-4247-B6E0-7E98D356B747}.Debug|Any CPU.Build.0 = Debug|Any CPU
		{945F5149-2565-4247-B6E0-7E98D356B747}.Release|Any CPU.ActiveCfg = Release|Any CPU
		{945F5149-2565-4247-B6E0-7E98D356B747}.Release|Any CPU.Build.0 = Release|Any CPU
	EndGlobalSection
	GlobalSection(SolutionProperties) = preSolution
		HideSolutionNode = FALSE
	EndGlobalSection
	GlobalSection(ExtensibilityGlobals) = postSolution
		SolutionGuid = {72F3E415-6F5F-4369-8860-E2D3896F5CD9}
	EndGlobalSection
EndGlobal
